
Microsoft Visual Studio Solution File, Format Version 12.00
# Visual Studio Version 17
VisualStudioVersion = 17.7.34018.315
MinimumVisualStudioVersion = 10.0.40219.1
Project("{FAE04EC0-301F-11D3-BF4B-00C04F79EFBC}") = "nhcs-agent", "nhcs-agent.csproj", "{45604527-C2FA-4886-A0BE-CAD4AF2B31E0}"
EndProject
Global
	GlobalSection(SolutionConfigurationPlatforms) = preSolution
		Debug|Any CPU = Debug|Any CPU
		Release|Any CPU = Release|Any CPU
	EndGlobalSection
	GlobalSection(ProjectConfigurationPlatforms) = postSolution
		{45604527-C2FA-4886-A0BE-CAD4AF2B31E0}.Debug|Any CPU.ActiveCfg = Debug|Any CPU
		{45604527-C2FA-4886-A0BE-CAD4AF2B31E0}.Debug|Any CPU.Build.0 = Debug|Any CPU
		{45604527-C2FA-4886-A0BE-CAD4AF2B31E0}.Release|Any CPU.ActiveCfg = Release|Any CPU
		{45604527-C2FA-4886-A0BE-CAD4AF2B31E0}.Release|Any CPU.Build.0 = Release|Any CPU
	EndGlobalSection
	GlobalSection(SolutionProperties) = preSolution
		HideSolutionNode = FALSE
	EndGlobalSection
	GlobalSection(ExtensibilityGlobals) = postSolution
		SolutionGuid = {7C499579-DBB6-481F-9378-0EA02DC78359}
	EndGlobalSection
EndGlobal
